<?xml version="1.0" encoding="utf-8"?>
<Project ToolsVersion="4.0" xmlns="http://schemas.microsoft.com/developer/msbuild/2003">
  <ItemGroup>
    <ClCompile Include="src\bootstrap.c" />
    <ClCompile Include="src\common.c" />
    <ClCompile Include="src\dll\rugburn\main.c" />
    <ClCompile Include="src\hooks\hooks.c" />
    <ClCompile Include="src\hooks\kernel32\inject.c" />
    <ClCompile Include="src\hooks\user32\window.c" />
    <ClCompile Include="src\hooks\wininet\netredir.c" />
    <ClCompile Include="src\hooks\ws2_32\redir.c" />
    <ClCompile Include="src\ijlfwd.c" />
    <ClCompile Include="src\patch.c" />
    <ClCompile Include="src\third_party\lend\ld32.c" />
    <ClCompile Include="src\json.c" />
    <ClCompile Include="src\regex.c" />
    <ClCompile Include="src\config.c" />
    <ClCompile Include="src\hooks\msvcr100\msvcr100.c" />
    <ClCompile Include="src\patch_usa_852.c" />
    <ClCompile Include="src\hex.c" />
  </ItemGroup>
  <ItemGroup>
    <None Include="exportvs.def" />
    <None Include="LICENSE.md" />
    <None Include="README.md" />
    <None Include="src\third_party\lend\COPYING" />
  </ItemGroup>
</Project>